// !$*UTF8*$!
{
	archiveVersion = 1;
	classes = {
	};
	objectVersion = 50;
	objects = {

/* Begin PBXBuildFile section */
		67922020242341C800BA46BA /* AppDelegate.swift in Sources */ = {isa = PBXBuildFile; fileRef = 6792201F242341C800BA46BA /* AppDelegate.swift */; };
		67922022242341C800BA46BA /* SceneDelegate.swift in Sources */ = {isa = PBXBuildFile; fileRef = 67922021242341C800BA46BA /* SceneDelegate.swift */; };
		67922024242341C800BA46BA /* ContentView.swift in Sources */ = {isa = PBXBuildFile; fileRef = 67922023242341C800BA46BA /* ContentView.swift */; };
		67922026242341C900BA46BA /* Assets.xcassets in Resources */ = {isa = PBXBuildFile; fileRef = 67922025242341C900BA46BA /* Assets.xcassets */; };
		67922029242341C900BA46BA /* Preview Assets.xcassets in Resources */ = {isa = PBXBuildFile; fileRef = 67922028242341C900BA46BA /* Preview Assets.xcassets */; };
		6792202C242341C900BA46BA /* LaunchScreen.storyboard in Resources */ = {isa = PBXBuildFile; fileRef = 6792202A242341C900BA46BA /* LaunchScreen.storyboard */; };
/* End PBXBuildFile section */

/* Begin PBXFileReference section */
		6792201C242341C800BA46BA /* Contact Tracing.app */ = {isa = PBXFileReference; explicitFileType = wrapper.application; includeInIndex = 0; path = "Contact Tracing.app"; sourceTree = BUILT_PRODUCTS_DIR; };
		6792201F242341C800BA46BA /* AppDelegate.swift */ = {isa = PBXFileReference; lastKnownFileType = sourcecode.swift; path = AppDelegate.swift; sourceTree = "<group>"; };
		67922021242341C800BA46BA /* SceneDelegate.swift */ = {isa = PBXFileReference; lastKnownFileType = sourcecode.swift; path = SceneDelegate.swift; sourceTree = "<group>"; };
		67922023242341C800BA46BA /* ContentView.swift */ = {isa = PBXFileReference; lastKnownFileType = sourcecode.swift; path = ContentView.swift; sourceTree = "<group>"; };
		67922025242341C900BA46BA /* Assets.xcassets */ = {isa = PBXFileReference; lastKnownFileType = folder.assetcatalog; path = Assets.xcassets; sourceTree = "<group>"; };
		67922028242341C900BA46BA /* Preview Assets.xcassets */ = {isa = PBXFileReference; lastKnownFileType = folder.assetcatalog; path = "Preview Assets.xcassets"; sourceTree = "<group>"; };
		6792202B242341C900BA46BA /* Base */ = {isa = PBXFileReference; lastKnownFileType = file.storyboard; name = Base; path = Base.lproj/LaunchScreen.storyboard; sourceTree = "<group>"; };
		6792202D242341C900BA46BA /* Info.plist */ = {isa = PBXFileReference; lastKnownFileType = text.plist.xml; path = Info.plist; sourceTree = "<group>"; };
/* End PBXFileReference section */

/* Begin PBXFrameworksBuildPhase section */
		67922019242341C800BA46BA /* Frameworks */ = {
			isa = PBXFrameworksBuildPhase;
			buildActionMask = 2147483647;
			files = (
			);
			runOnlyForDeploymentPostprocessing = 0;
		};
/* End PBXFrameworksBuildPhase section */

/* Begin PBXGroup section */
		67922013242341C800BA46BA = {
			isa = PBXGroup;
			children = (
				6792201E242341C800BA46BA /* Digital Contact-Tracing */,
				6792201D242341C800BA46BA /* Products */,
			);
			sourceTree = "<group>";
		};
		6792201D242341C800BA46BA /* Products */ = {
			isa = PBXGroup;
			children = (
				6792201C242341C800BA46BA /* Contact Tracing.app */,
			);
			name = Products;
			sourceTree = "<group>";
		};
		6792201E242341C800BA46BA /* Digital Contact-Tracing */ = {
			isa = PBXGroup;
			children = (
				6792201F242341C800BA46BA /* AppDelegate.swift */,
				67922021242341C800BA46BA /* SceneDelegate.swift */,
				67922023242341C800BA46BA /* ContentView.swift */,
				67922025242341C900BA46BA /* Assets.xcassets */,
				6792202A242341C900BA46BA /* LaunchScreen.storyboard */,
				6792202D242341C900BA46BA /* Info.plist */,
				67922027242341C900BA46BA /* Preview Content */,
			);
			path = "Digital Contact-Tracing";
			sourceTree = "<group>";
		};
		67922027242341C900BA46BA /* Preview Content */ = {
			isa = PBXGroup;
			children = (
				67922028242341C900BA46BA /* Preview Assets.xcassets */,
			);
			path = "Preview Content";
			sourceTree = "<group>";
		};
/* End PBXGroup section */

/* Begin PBXNativeTarget section */
		6792201B242341C800BA46BA /* Digital Contact-Tracing */ = {
			isa = PBXNativeTarget;
			buildConfigurationList = 67922030242341C900BA46BA /* Build configuration list for PBXNativeTarget "Digital Contact-Tracing" */;
			buildPhases = (
				67922018242341C800BA46BA /* Sources */,
				67922019242341C800BA46BA /* Frameworks */,
				6792201A242341C800BA46BA /* Resources */,
			);
			buildRules = (
			);
			dependencies = (
			);
			name = "Digital Contact-Tracing";
			productName = "Digital Contact-Tracing";
			productReference = 6792201C242341C800BA46BA /* Contact Tracing.app */;
			productType = "com.apple.product-type.application";
		};
/* End PBXNativeTarget section */

/* Begin PBXProject section */
		67922014242341C800BA46BA /* Project object */ = {
			isa = PBXProject;
			attributes = {
				LastSwiftUpdateCheck = 1130;
				LastUpgradeCheck = 1130;
				ORGANIZATIONNAME = TechSolomon;
				TargetAttributes = {
					6792201B242341C800BA46BA = {
						CreatedOnToolsVersion = 11.3.1;
					};
				};
			};
			buildConfigurationList = 67922017242341C800BA46BA /* Build configuration list for PBXProject "Digital Contact-Tracing" */;
			compatibilityVersion = "Xcode 9.3";
			developmentRegion = en;
			hasScannedForEncodings = 0;
			knownRegions = (
				en,
				Base,
			);
			mainGroup = 67922013242341C800BA46BA;
			productRefGroup = 6792201D242341C800BA46BA /* Products */;
			projectDirPath = "";
			projectRoot = "";
			targets = (
				6792201B242341C800BA46BA /* Digital Contact-Tracing */,
			);
		};
/* End PBXProject section */

/* Begin PBXResourcesBuildPhase section */
		6792201A242341C800BA46BA /* Resources */ = {
			isa = PBXResourcesBuildPhase;
			buildActionMask = 2147483647;
			files = (
				6792202C242341C900BA46BA /* LaunchScreen.storyboard in Resources */,
				67922029242341C900BA46BA /* Preview Assets.xcassets in Resources */,
				67922026242341C900BA46BA /* Assets.xcassets in Resources */,
			);
			runOnlyForDeploymentPostprocessing = 0;
		};
/* End PBXResourcesBuildPhase section */

/* Begin PBXSourcesBuildPhase section */
		67922018242341C800BA46BA /* Sources */ = {
			isa = PBXSourcesBuildPhase;
			buildActionMask = 2147483647;
			files = (
				67922020242341C800BA46BA /* AppDelegate.swift in Sources */,
				67922022242341C800BA46BA /* SceneDelegate.swift in Sources */,
				67922024242341C800BA46BA /* ContentView.swift in Sources */,
			);
			runOnlyForDeploymentPostprocessing = 0;
		};
/* End PBXSourcesBuildPhase section */

/* Begin PBXVariantGroup section */
		6792202A242341C900BA46BA /* LaunchScreen.storyboard */ = {
			isa = PBXVariantGroup;
			children = (
				6792202B242341C900BA46BA /* Base */,
			);
			name = LaunchScreen.storyboard;
			sourceTree = "<group>";
		};
/* End PBXVariantGroup section */

/* Begin XCBuildConfiguration section */
		6792202E242341C900BA46BA /* Debug */ = {
			isa = XCBuildConfiguration;
			buildSettings = {
				ALWAYS_SEARCH_USER_PATHS = NO;
				CLANG_ANALYZER_NONNULL = YES;
				CLANG_ANALYZER_NUMBER_OBJECT_CONVERSION = YES_AGGRESSIVE;
				CLANG_CXX_LANGUAGE_STANDARD = "gnu++14";
				CLANG_CXX_LIBRARY = "libc++";
				CLANG_ENABLE_MODULES = YES;
				CLANG_ENABLE_OBJC_ARC = YES;
				CLANG_ENABLE_OBJC_WEAK = YES;
				CLANG_WARN_BLOCK_CAPTURE_AUTORELEASING = YES;
				CLANG_WARN_BOOL_CONVERSION = YES;
				CLANG_WARN_COMMA = YES;
				CLANG_WARN_CONSTANT_CONVERSION = YES;
				CLANG_WARN_DEPRECATED_OBJC_IMPLEMENTATIONS = YES;
				CLANG_WARN_DIRECT_OBJC_ISA_USAGE = YES_ERROR;
				CLANG_WARN_DOCUMENTATION_COMMENTS = YES;
				CLANG_WARN_EMPTY_BODY = YES;
				CLANG_WARN_ENUM_CONVERSION = YES;
				CLANG_WARN_INFINITE_RECURSION = YES;
				CLANG_WARN_INT_CONVERSION = YES;
				CLANG_WARN_NON_LITERAL_NULL_CONVERSION = YES;
				CLANG_WARN_OBJC_IMPLICIT_RETAIN_SELF = YES;
				CLANG_WARN_OBJC_LITERAL_CONVERSION = YES;
				CLANG_WARN_OBJC_ROOT_CLASS = YES_ERROR;
				CLANG_WARN_RANGE_LOOP_ANALYSIS = YES;
				CLANG_WARN_STRICT_PROTOTYPES = YES;
				CLANG_WARN_SUSPICIOUS_MOVE = YES;
				CLANG_WARN_UNGUARDED_AVAILABILITY = YES_AGGRESSIVE;
				CLANG_WARN_UNREACHABLE_CODE = YES;
				CLANG_WARN__DUPLICATE_METHOD_MATCH = YES;
				COPY_PHASE_STRIP = NO;
				DEBUG_INFORMATION_FORMAT = dwarf;
				ENABLE_STRICT_OBJC_MSGSEND = YES;
				ENABLE_TESTABILITY = YES;
				GCC_C_LANGUAGE_STANDARD = gnu11;
				GCC_DYNAMIC_NO_PIC = NO;
				GCC_NO_COMMON_BLOCKS = YES;
				GCC_OPTIMIZATION_LEVEL = 0;
				GCC_PREPROCESSOR_DEFINITIONS = (
					"DEBUG=1",
					"$(inherited)",
				);
				GCC_WARN_64_TO_32_BIT_CONVERSION = YES;
				GCC_WARN_ABOUT_RETURN_TYPE = YES_ERROR;
				GCC_WARN_UNDECLARED_SELECTOR = YES;
				GCC_WARN_UNINITIALIZED_AUTOS = YES_AGGRESSIVE;
				GCC_WARN_UNUSED_FUNCTION = YES;
				GCC_WARN_UNUSED_VARIABLE = YES;
				IPHONEOS_DEPLOYMENT_TARGET = 13.2;
				MTL_ENABLE_DEBUG_INFO = INCLUDE_SOURCE;
				MTL_FAST_MATH = YES;
				ONLY_ACTIVE_ARCH = YES;
				SDKROOT = iphoneos;
				SWIFT_ACTIVE_COMPILATION_CONDITIONS = DEBUG;
				SWIFT_OPTIMIZATION_LEVEL = "-Onone";
			};
			name = Debug;
		};
		6792202F242341C900BA46BA /* Release */ = {
			isa = XCBuildConfiguration;
			buildSettings = {
				ALWAYS_SEARCH_USER_PATHS = NO;
				CLANG_ANALYZER_NONNULL = YES;
				CLANG_ANALYZER_NUMBER_OBJECT_CONVERSION = YES_AGGRESSIVE;
				CLANG_CXX_LANGUAGE_STANDARD = "gnu++14";
				CLANG_CXX_LIBRARY = "libc++";
				CLANG_ENABLE_MODULES = YES;
				CLANG_ENABLE_OBJC_ARC = YES;
				CLANG_ENABLE_OBJC_WEAK = YES;
				CLANG_WARN_BLOCK_CAPTURE_AUTORELEASING = YES;
				CLANG_WARN_BOOL_CONVERSION = YES;
				CLANG_WARN_COMMA = YES;
				CLANG_WARN_CONSTANT_CONVERSION = YES;
				CLANG_WARN_DEPRECATED_OBJC_IMPLEMENTATIONS = YES;
				CLANG_WARN_DIRECT_OBJC_ISA_USAGE = YES_ERROR;
				CLANG_WARN_DOCUMENTATION_COMMENTS = YES;
				CLANG_WARN_EMPTY_BODY = YES;
				CLANG_WARN_ENUM_CONVERSION = YES;
				CLANG_WARN_INFINITE_RECURSION = YES;
				CLANG_WARN_INT_CONVERSION = YES;
				CLANG_WARN_NON_LITERAL_NULL_CONVERSION = YES;
				CLANG_WARN_OBJC_IMPLICIT_RETAIN_SELF = YES;
				CLANG_WARN_OBJC_LITERAL_CONVERSION = YES;
				CLANG_WARN_OBJC_ROOT_CLASS = YES_ERROR;
				CLANG_WARN_RANGE_LOOP_ANALYSIS = YES;
				CLANG_WARN_STRICT_PROTOTYPES = YES;
				CLANG_WARN_SUSPICIOUS_MOVE = YES;
				CLANG_WARN_UNGUARDED_AVAILABILITY = YES_AGGRESSIVE;
				CLANG_WARN_UNREACHABLE_CODE = YES;
				CLANG_WARN__DUPLICATE_METHOD_MATCH = YES;
				COPY_PHASE_STRIP = NO;
				DEBUG_INFORMATION_FORMAT = "dwarf-with-dsym";
				ENABLE_NS_ASSERTIONS = NO;
				ENABLE_STRICT_OBJC_MSGSEND = YES;
				GCC_C_LANGUAGE_STANDARD = gnu11;
				GCC_NO_COMMON_BLOCKS = YES;
				GCC_WARN_64_TO_32_BIT_CONVERSION = YES;
				GCC_WARN_ABOUT_RETURN_TYPE = YES_ERROR;
				GCC_WARN_UNDECLARED_SELECTOR = YES;
				GCC_WARN_UNINITIALIZED_AUTOS = YES_AGGRESSIVE;
				GCC_WARN_UNUSED_FUNCTION = YES;
				GCC_WARN_UNUSED_VARIABLE = YES;
				IPHONEOS_DEPLOYMENT_TARGET = 13.2;
				MTL_ENABLE_DEBUG_INFO = NO;
				MTL_FAST_MATH = YES;
				SDKROOT = iphoneos;
				SWIFT_COMPILATION_MODE = wholemodule;
				SWIFT_OPTIMIZATION_LEVEL = "-O";
				VALIDATE_PRODUCT = YES;
			};
			name = Release;
		};
		67922031242341C900BA46BA /* Debug */ = {
			isa = XCBuildConfiguration;
			buildSettings = {
				ASSETCATALOG_COMPILER_APPICON_NAME = AppIcon;
				CODE_SIGN_STYLE = Automatic;
				DEVELOPMENT_ASSET_PATHS = "\"Digital Contact-Tracing/Preview Content\"";
				DEVELOPMENT_TEAM = TT772V29BT;
				ENABLE_PREVIEWS = YES;
				INFOPLIST_FILE = "Digital Contact-Tracing/Info.plist";
				LD_RUNPATH_SEARCH_PATHS = (
					"$(inherited)",
					"@executable_path/Frameworks",
				);
				PRODUCT_BUNDLE_IDENTIFIER = "com.techsolomon.Digital-Contact-Tracing";
				PRODUCT_NAME = "Contact Tracing";
				SWIFT_VERSION = 5.0;
				TARGETED_DEVICE_FAMILY = "1,2";
			};
			name = Debug;
		};
		67922032242341C900BA46BA /* Release */ = {
			isa = XCBuildConfiguration;
			buildSettings = {
				ASSETCATALOG_COMPILER_APPICON_NAME = AppIcon;
				CODE_SIGN_STYLE = Automatic;
				DEVELOPMENT_ASSET_PATHS = "\"Digital Contact-Tracing/Preview Content\"";
				DEVELOPMENT_TEAM = TT772V29BT;
				ENABLE_PREVIEWS = YES;
				INFOPLIST_FILE = "Digital Contact-Tracing/Info.plist";
				LD_RUNPATH_SEARCH_PATHS = (
					"$(inherited)",
					"@executable_path/Frameworks",
				);
				PRODUCT_BUNDLE_IDENTIFIER = "com.techsolomon.Digital-Contact-Tracing";
				PRODUCT_NAME = "Contact Tracing";
				SWIFT_VERSION = 5.0;
				TARGETED_DEVICE_FAMILY = "1,2";
			};
			name = Release;
		};
/* End XCBuildConfiguration section */

/* Begin XCConfigurationList section */
		67922017242341C800BA46BA /* Build configuration list for PBXProject "Digital Contact-Tracing" */ = {
			isa = XCConfigurationList;
			buildConfigurations = (
				6792202E242341C900BA46BA /* Debug */,
				6792202F242341C900BA46BA /* Release */,
			);
			defaultConfigurationIsVisible = 0;
			defaultConfigurationName = Release;
		};
		67922030242341C900BA46BA /* Build configuration list for PBXNativeTarget "Digital Contact-Tracing" */ = {
			isa = XCConfigurationList;
			buildConfigurations = (
				67922031242341C900BA46BA /* Debug */,
				67922032242341C900BA46BA /* Release */,
			);
			defaultConfigurationIsVisible = 0;
			defaultConfigurationName = Release;
		};
/* End XCConfigurationList section */
	};
	rootObject = 67922014242341C800BA46BA /* Project object */;
}
